
Microsoft Visual Studio Solution File, Format Version 12.00
# Visual Studio 15
Project("{FAE04EC0-301F-11D3-BF4B-00C04F79EFBC}") = "Boxophobic.Utils.Editor", "Boxophobic.Utils.Editor.csproj", "{4A9C4A27-FFD7-136F-7428-2471DCB3A193}"
EndProject
Project("{FAE04EC0-301F-11D3-BF4B-00C04F79EFBC}") = "Assembly-CSharp", "Assembly-CSharp.csproj", "{07E8CF80-CE5D-E7CA-3198-AF0A9873987E}"
EndProject
Project("{FAE04EC0-301F-11D3-BF4B-00C04F79EFBC}") = "Boxophobic.Utils.Scripts", "Boxophobic.Utils.Scripts.csproj", "{022DAC58-24A4-8BAD-22C1-BAC760DC16D7}"
EndProject
Project("{FAE04EC0-301F-11D3-BF4B-00C04F79EFBC}") = "Boxophobic.SkyboxCubemapExtended.Editor", "Boxophobic.SkyboxCubemapExtended.Editor.csproj", "{A3FD4CD7-9CC8-05C4-890F-FE35D352FBA2}"
EndProject
Global
	GlobalSection(SolutionConfigurationPlatforms) = preSolution
		Debug|Any CPU = Debug|Any CPU
		Release|Any CPU = Release|Any CPU
	EndGlobalSection
	GlobalSection(ProjectConfigurationPlatforms) = postSolution
		{4A9C4A27-FFD7-136F-7428-2471DCB3A193}.Debug|Any CPU.ActiveCfg = Debug|Any CPU
		{4A9C4A27-FFD7-136F-7428-2471DCB3A193}.Debug|Any CPU.Build.0 = Debug|Any CPU
		{4A9C4A27-FFD7-136F-7428-2471DCB3A193}.Release|Any CPU.ActiveCfg = Release|Any CPU
		{4A9C4A27-FFD7-136F-7428-2471DCB3A193}.Release|Any CPU.Build.0 = Release|Any CPU
		{07E8CF80-CE5D-E7CA-3198-AF0A9873987E}.Debug|Any CPU.ActiveCfg = Debug|Any CPU
		{07E8CF80-CE5D-E7CA-3198-AF0A9873987E}.Debug|Any CPU.Build.0 = Debug|Any CPU
		{07E8CF80-CE5D-E7CA-3198-AF0A9873987E}.Release|Any CPU.ActiveCfg = Release|Any CPU
		{07E8CF80-CE5D-E7CA-3198-AF0A9873987E}.Release|Any CPU.Build.0 = Release|Any CPU
		{022DAC58-24A4-8BAD-22C1-BAC760DC16D7}.Debug|Any CPU.ActiveCfg = Debug|Any CPU
		{022DAC58-24A4-8BAD-22C1-BAC760DC16D7}.Debug|Any CPU.Build.0 = Debug|Any CPU
		{022DAC58-24A4-8BAD-22C1-BAC760DC16D7}.Release|Any CPU.ActiveCfg = Release|Any CPU
		{022DAC58-24A4-8BAD-22C1-BAC760DC16D7}.Release|Any CPU.Build.0 = Release|Any CPU
		{A3FD4CD7-9CC8-05C4-890F-FE35D352FBA2}.Debug|Any CPU.ActiveCfg = Debug|Any CPU
		{A3FD4CD7-9CC8-05C4-890F-FE35D352FBA2}.Debug|Any CPU.Build.0 = Debug|Any CPU
		{A3FD4CD7-9CC8-05C4-890F-FE35D352FBA2}.Release|Any CPU.ActiveCfg = Release|Any CPU
		{A3FD4CD7-9CC8-05C4-890F-FE35D352FBA2}.Release|Any CPU.Build.0 = Release|Any CPU
	EndGlobalSection
	GlobalSection(SolutionProperties) = preSolution
		HideSolutionNode = FALSE
	EndGlobalSection
EndGlobal
