
Microsoft Visual Studio Solution File, Format Version 12.00
# Visual Studio 15
Project("{FAE04EC0-301F-11D3-BF4B-00C04F79EFBC}") = "Boxophobic.Utils.Editor", "Boxophobic.Utils.Editor.csproj", "{B1EB4A21-5CEB-A1C6-F932-7C036D7EC851}"
EndProject
Project("{FAE04EC0-301F-11D3-BF4B-00C04F79EFBC}") = "Assembly-CSharp", "Assembly-CSharp.csproj", "{380A12C6-C796-90D7-AA45-DB8C198B9AF5}"
EndProject
Project("{FAE04EC0-301F-11D3-BF4B-00C04F79EFBC}") = "Boxophobic.Utils.Scripts", "Boxophobic.Utils.Scripts.csproj", "{5C2A6F62-8707-DB3D-04AF-7838BA50C0A2}"
EndProject
Project("{FAE04EC0-301F-11D3-BF4B-00C04F79EFBC}") = "Boxophobic.SkyboxCubemapExtended.Editor", "Boxophobic.SkyboxCubemapExtended.Editor.csproj", "{F379BBFC-041E-C47D-F293-5A3E5F31BC44}"
EndProject
Global
	GlobalSection(SolutionConfigurationPlatforms) = preSolution
		Debug|Any CPU = Debug|Any CPU
		Release|Any CPU = Release|Any CPU
	EndGlobalSection
	GlobalSection(ProjectConfigurationPlatforms) = postSolution
		{B1EB4A21-5CEB-A1C6-F932-7C036D7EC851}.Debug|Any CPU.ActiveCfg = Debug|Any CPU
		{B1EB4A21-5CEB-A1C6-F932-7C036D7EC851}.Debug|Any CPU.Build.0 = Debug|Any CPU
		{B1EB4A21-5CEB-A1C6-F932-7C036D7EC851}.Release|Any CPU.ActiveCfg = Release|Any CPU
		{B1EB4A21-5CEB-A1C6-F932-7C036D7EC851}.Release|Any CPU.Build.0 = Release|Any CPU
		{380A12C6-C796-90D7-AA45-DB8C198B9AF5}.Debug|Any CPU.ActiveCfg = Debug|Any CPU
		{380A12C6-C796-90D7-AA45-DB8C198B9AF5}.Debug|Any CPU.Build.0 = Debug|Any CPU
		{380A12C6-C796-90D7-AA45-DB8C198B9AF5}.Release|Any CPU.ActiveCfg = Release|Any CPU
		{380A12C6-C796-90D7-AA45-DB8C198B9AF5}.Release|Any CPU.Build.0 = Release|Any CPU
		{5C2A6F62-8707-DB3D-04AF-7838BA50C0A2}.Debug|Any CPU.ActiveCfg = Debug|Any CPU
		{5C2A6F62-8707-DB3D-04AF-7838BA50C0A2}.Debug|Any CPU.Build.0 = Debug|Any CPU
		{5C2A6F62-8707-DB3D-04AF-7838BA50C0A2}.Release|Any CPU.ActiveCfg = Release|Any CPU
		{5C2A6F62-8707-DB3D-04AF-7838BA50C0A2}.Release|Any CPU.Build.0 = Release|Any CPU
		{F379BBFC-041E-C47D-F293-5A3E5F31BC44}.Debug|Any CPU.ActiveCfg = Debug|Any CPU
		{F379BBFC-041E-C47D-F293-5A3E5F31BC44}.Debug|Any CPU.Build.0 = Debug|Any CPU
		{F379BBFC-041E-C47D-F293-5A3E5F31BC44}.Release|Any CPU.ActiveCfg = Release|Any CPU
		{F379BBFC-041E-C47D-F293-5A3E5F31BC44}.Release|Any CPU.Build.0 = Release|Any CPU
	EndGlobalSection
	GlobalSection(SolutionProperties) = preSolution
		HideSolutionNode = FALSE
	EndGlobalSection
EndGlobal
